// !$*UTF8*$!
{
	archiveVersion = 1;
	classes = {
	};
	objectVersion = 77;
	objects = {

/* Begin PBXContainerItemProxy section */
		D5D3F8F12E97B7C2001B90B6 /* PBXContainerItemProxy */ = {
			isa = PBXContainerItemProxy;
			containerPortal = D5D3F8D82E97B7BF001B90B6 /* Project object */;
			proxyType = 1;
			remoteGlobalIDString = D5D3F8DF2E97B7BF001B90B6;
			remoteInfo = GithubActionTest;
		};
		D5D3F8FB2E97B7C2001B90B6 /* PBXContainerItemProxy */ = {
			isa = PBXContainerItemProxy;
			containerPortal = D5D3F8D82E97B7BF001B90B6 /* Project object */;
			proxyType = 1;
			remoteGlobalIDString = D5D3F8DF2E97B7BF001B90B6;
			remoteInfo = GithubActionTest;
		};
/* End PBXContainerItemProxy section */

/* Begin PBXFileReference section */
		D5D3F8E02E97B7BF001B90B6 /* GithubActionTest.app */ = {isa = PBXFileReference; explicitFileType = wrapper.application; includeInIndex = 0; path = GithubActionTest.app; sourceTree = BUILT_PRODUCTS_DIR; };
		D5D3F8F02E97B7C2001B90B6 /* GithubActionTestTests.xctest */ = {isa = PBXFileReference; explicitFileType = wrapper.cfbundle; includeInIndex = 0; path = GithubActionTestTests.xctest; sourceTree = BUILT_PRODUCTS_DIR; };
		D5D3F8FA2E97B7C2001B90B6 /* GithubActionTestUITests.xctest */ = {isa = PBXFileReference; explicitFileType = wrapper.cfbundle; includeInIndex = 0; path = GithubActionTestUITests.xctest; sourceTree = BUILT_PRODUCTS_DIR; };
/* End PBXFileReference section */

/* Begin PBXFileSystemSynchronizedRootGroup section */
		D5D3F8E22E97B7BF001B90B6 /* GithubActionTest */ = {
			isa = PBXFileSystemSynchronizedRootGroup;
			path = GithubActionTest;
			sourceTree = "<group>";
		};
		D5D3F8F32E97B7C2001B90B6 /* GithubActionTestTests */ = {
			isa = PBXFileSystemSynchronizedRootGroup;
			path = GithubActionTestTests;
			sourceTree = "<group>";
		};
		D5D3F8FD2E97B7C2001B90B6 /* GithubActionTestUITests */ = {
			isa = PBXFileSystemSynchronizedRootGroup;
			path = GithubActionTestUITests;
			sourceTree = "<group>";
		};
/* End PBXFileSystemSynchronizedRootGroup section */

/* Begin PBXFrameworksBuildPhase section */
		D5D3F8DD2E97B7BF001B90B6 /* Frameworks */ = {
			isa = PBXFrameworksBuildPhase;
			buildActionMask = 2147483647;
			files = (
			);
			runOnlyForDeploymentPostprocessing = 0;
		};
		D5D3F8ED2E97B7C2001B90B6 /* Frameworks */ = {
			isa = PBXFrameworksBuildPhase;
			buildActionMask = 2147483647;
			files = (
			);
			runOnlyForDeploymentPostprocessing = 0;
		};
		D5D3F8F72E97B7C2001B90B6 /* Frameworks */ = {
			isa = PBXFrameworksBuildPhase;
			buildActionMask = 2147483647;
			files = (
			);
			runOnlyForDeploymentPostprocessing = 0;
		};
/* End PBXFrameworksBuildPhase section */

/* Begin PBXGroup section */
		D5D3F8D72E97B7BF001B90B6 = {
			isa = PBXGroup;
			children = (
				D5D3F8E22E97B7BF001B90B6 /* GithubActionTest */,
				D5D3F8F32E97B7C2001B90B6 /* GithubActionTestTests */,
				D5D3F8FD2E97B7C2001B90B6 /* GithubActionTestUITests */,
				D5D3F8E12E97B7BF001B90B6 /* Products */,
			);
			sourceTree = "<group>";
		};
		D5D3F8E12E97B7BF001B90B6 /* Products */ = {
			isa = PBXGroup;
			children = (
				D5D3F8E02E97B7BF001B90B6 /* GithubActionTest.app */,
				D5D3F8F02E97B7C2001B90B6 /* GithubActionTestTests.xctest */,
				D5D3F8FA2E97B7C2001B90B6 /* GithubActionTestUITests.xctest */,
			);
			name = Products;
			sourceTree = "<group>";
		};
/* End PBXGroup section */

/* Begin PBXNativeTarget section */
		D5D3F8DF2E97B7BF001B90B6 /* GithubActionTest */ = {
			isa = PBXNativeTarget;
			buildConfigurationList = D5D3F9042E97B7C2001B90B6 /* Build configuration list for PBXNativeTarget "GithubActionTest" */;
			buildPhases = (
				D5D3F8DC2E97B7BF001B90B6 /* Sources */,
				D5D3F8DD2E97B7BF001B90B6 /* Frameworks */,
				D5D3F8DE2E97B7BF001B90B6 /* Resources */,
			);
			buildRules = (
			);
			dependencies = (
			);
			fileSystemSynchronizedGroups = (
				D5D3F8E22E97B7BF001B90B6 /* GithubActionTest */,
			);
			name = GithubActionTest;
			packageProductDependencies = (
			);
			productName = GithubActionTest;
			productReference = D5D3F8E02E97B7BF001B90B6 /* GithubActionTest.app */;
			productType = "com.apple.product-type.application";
		};
		D5D3F8EF2E97B7C2001B90B6 /* GithubActionTestTests */ = {
			isa = PBXNativeTarget;
			buildConfigurationList = D5D3F9072E97B7C2001B90B6 /* Build configuration list for PBXNativeTarget "GithubActionTestTests" */;
			buildPhases = (
				D5D3F8EC2E97B7C2001B90B6 /* Sources */,
				D5D3F8ED2E97B7C2001B90B6 /* Frameworks */,
				D5D3F8EE2E97B7C2001B90B6 /* Resources */,
			);
			buildRules = (
			);
			dependencies = (
				D5D3F8F22E97B7C2001B90B6 /* PBXTargetDependency */,
			);
			fileSystemSynchronizedGroups = (
				D5D3F8F32E97B7C2001B90B6 /* GithubActionTestTests */,
			);
			name = GithubActionTestTests;
			packageProductDependencies = (
			);
			productName = GithubActionTestTests;
			productReference = D5D3F8F02E97B7C2001B90B6 /* GithubActionTestTests.xctest */;
			productType = "com.apple.product-type.bundle.unit-test";
		};
		D5D3F8F92E97B7C2001B90B6 /* GithubActionTestUITests */ = {
			isa = PBXNativeTarget;
			buildConfigurationList = D5D3F90A2E97B7C2001B90B6 /* Build configuration list for PBXNativeTarget "GithubActionTestUITests" */;
			buildPhases = (
				D5D3F8F62E97B7C2001B90B6 /* Sources */,
				D5D3F8F72E97B7C2001B90B6 /* Frameworks */,
				D5D3F8F82E97B7C2001B90B6 /* Resources */,
			);
			buildRules = (
			);
			dependencies = (
				D5D3F8FC2E97B7C2001B90B6 /* PBXTargetDependency */,
			);
			fileSystemSynchronizedGroups = (
				D5D3F8FD2E97B7C2001B90B6 /* GithubActionTestUITests */,
			);
			name = GithubActionTestUITests;
			packageProductDependencies = (
			);
			productName = GithubActionTestUITests;
			productReference = D5D3F8FA2E97B7C2001B90B6 /* GithubActionTestUITests.xctest */;
			productType = "com.apple.product-type.bundle.ui-testing";
		};
/* End PBXNativeTarget section */

/* Begin PBXProject section */
		D5D3F8D82E97B7BF001B90B6 /* Project object */ = {
			isa = PBXProject;
			attributes = {
				BuildIndependentTargetsInParallel = 1;
				LastSwiftUpdateCheck = 1620;
				LastUpgradeCheck = 1620;
				TargetAttributes = {
					D5D3F8DF2E97B7BF001B90B6 = {
						CreatedOnToolsVersion = 16.2;
					};
					D5D3F8EF2E97B7C2001B90B6 = {
						CreatedOnToolsVersion = 16.2;
						TestTargetID = D5D3F8DF2E97B7BF001B90B6;
					};
					D5D3F8F92E97B7C2001B90B6 = {
						CreatedOnToolsVersion = 16.2;
						TestTargetID = D5D3F8DF2E97B7BF001B90B6;
					};
				};
			};
			buildConfigurationList = D5D3F8DB2E97B7BF001B90B6 /* Build configuration list for PBXProject "GithubActionTest" */;
			developmentRegion = en;
			hasScannedForEncodings = 0;
			knownRegions = (
				en,
				Base,
			);
			mainGroup = D5D3F8D72E97B7BF001B90B6;
			minimizedProjectReferenceProxies = 1;
			preferredProjectObjectVersion = 77;
			productRefGroup = D5D3F8E12E97B7BF001B90B6 /* Products */;
			projectDirPath = "";
			projectRoot = "";
			targets = (
				D5D3F8DF2E97B7BF001B90B6 /* GithubActionTest */,
				D5D3F8EF2E97B7C2001B90B6 /* GithubActionTestTests */,
				D5D3F8F92E97B7C2001B90B6 /* GithubActionTestUITests */,
			);
		};
/* End PBXProject section */

/* Begin PBXResourcesBuildPhase section */
		D5D3F8DE2E97B7BF001B90B6 /* Resources */ = {
			isa = PBXResourcesBuildPhase;
			buildActionMask = 2147483647;
			files = (
			);
			runOnlyForDeploymentPostprocessing = 0;
		};
		D5D3F8EE2E97B7C2001B90B6 /* Resources */ = {
			isa = PBXResourcesBuildPhase;
			buildActionMask = 2147483647;
			files = (
			);
			runOnlyForDeploymentPostprocessing = 0;
		};
		D5D3F8F82E97B7C2001B90B6 /* Resources */ = {
			isa = PBXResourcesBuildPhase;
			buildActionMask = 2147483647;
			files = (
			);
			runOnlyForDeploymentPostprocessing = 0;
		};
/* End PBXResourcesBuildPhase section */

/* Begin PBXSourcesBuildPhase section */
		D5D3F8DC2E97B7BF001B90B6 /* Sources */ = {
			isa = PBXSourcesBuildPhase;
			buildActionMask = 2147483647;
			files = (
			);
			runOnlyForDeploymentPostprocessing = 0;
		};
		D5D3F8EC2E97B7C2001B90B6 /* Sources */ = {
			isa = PBXSourcesBuildPhase;
			buildActionMask = 2147483647;
			files = (
			);
			runOnlyForDeploymentPostprocessing = 0;
		};
		D5D3F8F62E97B7C2001B90B6 /* Sources */ = {
			isa = PBXSourcesBuildPhase;
			buildActionMask = 2147483647;
			files = (
			);
			runOnlyForDeploymentPostprocessing = 0;
		};
/* End PBXSourcesBuildPhase section */

/* Begin PBXTargetDependency section */
		D5D3F8F22E97B7C2001B90B6 /* PBXTargetDependency */ = {
			isa = PBXTargetDependency;
			target = D5D3F8DF2E97B7BF001B90B6 /* GithubActionTest */;
			targetProxy = D5D3F8F12E97B7C2001B90B6 /* PBXContainerItemProxy */;
		};
		D5D3F8FC2E97B7C2001B90B6 /* PBXTargetDependency */ = {
			isa = PBXTargetDependency;
			target = D5D3F8DF2E97B7BF001B90B6 /* GithubActionTest */;
			targetProxy = D5D3F8FB2E97B7C2001B90B6 /* PBXContainerItemProxy */;
		};
/* End PBXTargetDependency section */

/* Begin XCBuildConfiguration section */
		D5D3F9022E97B7C2001B90B6 /* Debug */ = {
			isa = XCBuildConfiguration;
			buildSettings = {
				ALWAYS_SEARCH_USER_PATHS = NO;
				ASSETCATALOG_COMPILER_GENERATE_SWIFT_ASSET_SYMBOL_EXTENSIONS = YES;
				CLANG_ANALYZER_NONNULL = YES;
				CLANG_ANALYZER_NUMBER_OBJECT_CONVERSION = YES_AGGRESSIVE;
				CLANG_CXX_LANGUAGE_STANDARD = "gnu++20";
				CLANG_ENABLE_MODULES = YES;
				CLANG_ENABLE_OBJC_ARC = YES;
				CLANG_ENABLE_OBJC_WEAK = YES;
				CLANG_WARN_BLOCK_CAPTURE_AUTORELEASING = YES;
				CLANG_WARN_BOOL_CONVERSION = YES;
				CLANG_WARN_COMMA = YES;
				CLANG_WARN_CONSTANT_CONVERSION = YES;
				CLANG_WARN_DEPRECATED_OBJC_IMPLEMENTATIONS = YES;
				CLANG_WARN_DIRECT_OBJC_ISA_USAGE = YES_ERROR;
				CLANG_WARN_DOCUMENTATION_COMMENTS = YES;
				CLANG_WARN_EMPTY_BODY = YES;
				CLANG_WARN_ENUM_CONVERSION = YES;
				CLANG_WARN_INFINITE_RECURSION = YES;
				CLANG_WARN_INT_CONVERSION = YES;
				CLANG_WARN_NON_LITERAL_NULL_CONVERSION = YES;
				CLANG_WARN_OBJC_IMPLICIT_RETAIN_SELF = YES;
				CLANG_WARN_OBJC_LITERAL_CONVERSION = YES;
				CLANG_WARN_OBJC_ROOT_CLASS = YES_ERROR;
				CLANG_WARN_QUOTED_INCLUDE_IN_FRAMEWORK_HEADER = YES;
				CLANG_WARN_RANGE_LOOP_ANALYSIS = YES;
				CLANG_WARN_STRICT_PROTOTYPES = YES;
				CLANG_WARN_SUSPICIOUS_MOVE = YES;
				CLANG_WARN_UNGUARDED_AVAILABILITY = YES_AGGRESSIVE;
				CLANG_WARN_UNREACHABLE_CODE = YES;
				CLANG_WARN__DUPLICATE_METHOD_MATCH = YES;
				COPY_PHASE_STRIP = NO;
				DEBUG_INFORMATION_FORMAT = dwarf;
				ENABLE_STRICT_OBJC_MSGSEND = YES;
				ENABLE_TESTABILITY = YES;
				ENABLE_USER_SCRIPT_SANDBOXING = YES;
				GCC_C_LANGUAGE_STANDARD = gnu17;
				GCC_DYNAMIC_NO_PIC = NO;
				GCC_NO_COMMON_BLOCKS = YES;
				GCC_OPTIMIZATION_LEVEL = 0;
				GCC_PREPROCESSOR_DEFINITIONS = (
					"DEBUG=1",
					"$(inherited)",
				);
				GCC_WARN_64_TO_32_BIT_CONVERSION = YES;
				GCC_WARN_ABOUT_RETURN_TYPE = YES_ERROR;
				GCC_WARN_UNDECLARED_SELECTOR = YES;
				GCC_WARN_UNINITIALIZED_AUTOS = YES_AGGRESSIVE;
				GCC_WARN_UNUSED_FUNCTION = YES;
				GCC_WARN_UNUSED_VARIABLE = YES;
				IPHONEOS_DEPLOYMENT_TARGET = 18.2;
				LOCALIZATION_PREFERS_STRING_CATALOGS = YES;
				MTL_ENABLE_DEBUG_INFO = INCLUDE_SOURCE;
				MTL_FAST_MATH = YES;
				ONLY_ACTIVE_ARCH = YES;
				SDKROOT = iphoneos;
				SWIFT_ACTIVE_COMPILATION_CONDITIONS = "DEBUG $(inherited)";
				SWIFT_OPTIMIZATION_LEVEL = "-Onone";
			};
			name = Debug;
		};
		D5D3F9032E97B7C2001B90B6 /* Release */ = {
			isa = XCBuildConfiguration;
			buildSettings = {
				ALWAYS_SEARCH_USER_PATHS = NO;
				ASSETCATALOG_COMPILER_GENERATE_SWIFT_ASSET_SYMBOL_EXTENSIONS = YES;
				CLANG_ANALYZER_NONNULL = YES;
				CLANG_ANALYZER_NUMBER_OBJECT_CONVERSION = YES_AGGRESSIVE;
				CLANG_CXX_LANGUAGE_STANDARD = "gnu++20";
				CLANG_ENABLE_MODULES = YES;
				CLANG_ENABLE_OBJC_ARC = YES;
				CLANG_ENABLE_OBJC_WEAK = YES;
				CLANG_WARN_BLOCK_CAPTURE_AUTORELEASING = YES;
				CLANG_WARN_BOOL_CONVERSION = YES;
				CLANG_WARN_COMMA = YES;
				CLANG_WARN_CONSTANT_CONVERSION = YES;
				CLANG_WARN_DEPRECATED_OBJC_IMPLEMENTATIONS = YES;
				CLANG_WARN_DIRECT_OBJC_ISA_USAGE = YES_ERROR;
				CLANG_WARN_DOCUMENTATION_COMMENTS = YES;
				CLANG_WARN_EMPTY_BODY = YES;
				CLANG_WARN_ENUM_CONVERSION = YES;
				CLANG_WARN_INFINITE_RECURSION = YES;
				CLANG_WARN_INT_CONVERSION = YES;
				CLANG_WARN_NON_LITERAL_NULL_CONVERSION = YES;
				CLANG_WARN_OBJC_IMPLICIT_RETAIN_SELF = YES;
				CLANG_WARN_OBJC_LITERAL_CONVERSION = YES;
				CLANG_WARN_OBJC_ROOT_CLASS = YES_ERROR;
				CLANG_WARN_QUOTED_INCLUDE_IN_FRAMEWORK_HEADER = YES;
				CLANG_WARN_RANGE_LOOP_ANALYSIS = YES;
				CLANG_WARN_STRICT_PROTOTYPES = YES;
				CLANG_WARN_SUSPICIOUS_MOVE = YES;
				CLANG_WARN_UNGUARDED_AVAILABILITY = YES_AGGRESSIVE;
				CLANG_WARN_UNREACHABLE_CODE = YES;
				CLANG_WARN__DUPLICATE_METHOD_MATCH = YES;
				COPY_PHASE_STRIP = NO;
				DEBUG_INFORMATION_FORMAT = "dwarf-with-dsym";
				ENABLE_NS_ASSERTIONS = NO;
				ENABLE_STRICT_OBJC_MSGSEND = YES;
				ENABLE_USER_SCRIPT_SANDBOXING = YES;
				GCC_C_LANGUAGE_STANDARD = gnu17;
				GCC_NO_COMMON_BLOCKS = YES;
				GCC_WARN_64_TO_32_BIT_CONVERSION = YES;
				GCC_WARN_ABOUT_RETURN_TYPE = YES_ERROR;
				GCC_WARN_UNDECLARED_SELECTOR = YES;
				GCC_WARN_UNINITIALIZED_AUTOS = YES_AGGRESSIVE;
				GCC_WARN_UNUSED_FUNCTION = YES;
				GCC_WARN_UNUSED_VARIABLE = YES;
				IPHONEOS_DEPLOYMENT_TARGET = 18.2;
				LOCALIZATION_PREFERS_STRING_CATALOGS = YES;
				MTL_ENABLE_DEBUG_INFO = NO;
				MTL_FAST_MATH = YES;
				SDKROOT = iphoneos;
				SWIFT_COMPILATION_MODE = wholemodule;
				VALIDATE_PRODUCT = YES;
			};
			name = Release;
		};
		D5D3F9052E97B7C2001B90B6 /* Debug */ = {
			isa = XCBuildConfiguration;
			buildSettings = {
				ASSETCATALOG_COMPILER_APPICON_NAME = AppIcon;
				ASSETCATALOG_COMPILER_GLOBAL_ACCENT_COLOR_NAME = AccentColor;
				CODE_SIGN_STYLE = Automatic;
				CURRENT_PROJECT_VERSION = 1;
				DEVELOPMENT_ASSET_PATHS = "\"GithubActionTest/Preview Content\"";
				DEVELOPMENT_TEAM = SJDR485DTV;
				ENABLE_PREVIEWS = YES;
				GENERATE_INFOPLIST_FILE = YES;
				INFOPLIST_KEY_UIApplicationSceneManifest_Generation = YES;
				INFOPLIST_KEY_UIApplicationSupportsIndirectInputEvents = YES;
				INFOPLIST_KEY_UILaunchScreen_Generation = YES;
				INFOPLIST_KEY_UISupportedInterfaceOrientations_iPad = "UIInterfaceOrientationPortrait UIInterfaceOrientationPortraitUpsideDown UIInterfaceOrientationLandscapeLeft UIInterfaceOrientationLandscapeRight";
				INFOPLIST_KEY_UISupportedInterfaceOrientations_iPhone = "UIInterfaceOrientationPortrait UIInterfaceOrientationLandscapeLeft UIInterfaceOrientationLandscapeRight";
				LD_RUNPATH_SEARCH_PATHS = (
					"$(inherited)",
					"@executable_path/Frameworks",
				);
				MARKETING_VERSION = 1.0;
				PRODUCT_BUNDLE_IDENTIFIER = com.kangho.GithubActionTest;
				PRODUCT_NAME = "$(TARGET_NAME)";
				SWIFT_EMIT_LOC_STRINGS = YES;
				SWIFT_VERSION = 5.0;
				TARGETED_DEVICE_FAMILY = "1,2";
			};
			name = Debug;
		};
		D5D3F9062E97B7C2001B90B6 /* Release */ = {
			isa = XCBuildConfiguration;
			buildSettings = {
				ASSETCATALOG_COMPILER_APPICON_NAME = AppIcon;
				ASSETCATALOG_COMPILER_GLOBAL_ACCENT_COLOR_NAME = AccentColor;
				CODE_SIGN_STYLE = Automatic;
				CURRENT_PROJECT_VERSION = 1;
				DEVELOPMENT_ASSET_PATHS = "\"GithubActionTest/Preview Content\"";
				DEVELOPMENT_TEAM = SJDR485DTV;
				ENABLE_PREVIEWS = YES;
				GENERATE_INFOPLIST_FILE = YES;
				INFOPLIST_KEY_UIApplicationSceneManifest_Generation = YES;
				INFOPLIST_KEY_UIApplicationSupportsIndirectInputEvents = YES;
				INFOPLIST_KEY_UILaunchScreen_Generation = YES;
				INFOPLIST_KEY_UISupportedInterfaceOrientations_iPad = "UIInterfaceOrientationPortrait UIInterfaceOrientationPortraitUpsideDown UIInterfaceOrientationLandscapeLeft UIInterfaceOrientationLandscapeRight";
				INFOPLIST_KEY_UISupportedInterfaceOrientations_iPhone = "UIInterfaceOrientationPortrait UIInterfaceOrientationLandscapeLeft UIInterfaceOrientationLandscapeRight";
				LD_RUNPATH_SEARCH_PATHS = (
					"$(inherited)",
					"@executable_path/Frameworks",
				);
				MARKETING_VERSION = 1.0;
				PRODUCT_BUNDLE_IDENTIFIER = com.kangho.GithubActionTest;
				PRODUCT_NAME = "$(TARGET_NAME)";
				SWIFT_EMIT_LOC_STRINGS = YES;
				SWIFT_VERSION = 5.0;
				TARGETED_DEVICE_FAMILY = "1,2";
			};
			name = Release;
		};
		D5D3F9082E97B7C2001B90B6 /* Debug */ = {
			isa = XCBuildConfiguration;
			buildSettings = {
				BUNDLE_LOADER = "$(TEST_HOST)";
				CODE_SIGN_STYLE = Automatic;
				CURRENT_PROJECT_VERSION = 1;
				DEVELOPMENT_TEAM = SJDR485DTV;
				GENERATE_INFOPLIST_FILE = YES;
				IPHONEOS_DEPLOYMENT_TARGET = 18.2;
				MARKETING_VERSION = 1.0;
				PRODUCT_BUNDLE_IDENTIFIER = com.kangho.GithubActionTestTests;
				PRODUCT_NAME = "$(TARGET_NAME)";
				SWIFT_EMIT_LOC_STRINGS = NO;
				SWIFT_VERSION = 5.0;
				TARGETED_DEVICE_FAMILY = "1,2";
				TEST_HOST = "$(BUILT_PRODUCTS_DIR)/GithubActionTest.app/$(BUNDLE_EXECUTABLE_FOLDER_PATH)/GithubActionTest";
			};
			name = Debug;
		};
		D5D3F9092E97B7C2001B90B6 /* Release */ = {
			isa = XCBuildConfiguration;
			buildSettings = {
				BUNDLE_LOADER = "$(TEST_HOST)";
				CODE_SIGN_STYLE = Automatic;
				CURRENT_PROJECT_VERSION = 1;
				DEVELOPMENT_TEAM = SJDR485DTV;
				GENERATE_INFOPLIST_FILE = YES;
				IPHONEOS_DEPLOYMENT_TARGET = 18.2;
				MARKETING_VERSION = 1.0;
				PRODUCT_BUNDLE_IDENTIFIER = com.kangho.GithubActionTestTests;
				PRODUCT_NAME = "$(TARGET_NAME)";
				SWIFT_EMIT_LOC_STRINGS = NO;
				SWIFT_VERSION = 5.0;
				TARGETED_DEVICE_FAMILY = "1,2";
				TEST_HOST = "$(BUILT_PRODUCTS_DIR)/GithubActionTest.app/$(BUNDLE_EXECUTABLE_FOLDER_PATH)/GithubActionTest";
			};
			name = Release;
		};
		D5D3F90B2E97B7C2001B90B6 /* Debug */ = {
			isa = XCBuildConfiguration;
			buildSettings = {
				CODE_SIGN_STYLE = Automatic;
				CURRENT_PROJECT_VERSION = 1;
				DEVELOPMENT_TEAM = SJDR485DTV;
				GENERATE_INFOPLIST_FILE = YES;
				MARKETING_VERSION = 1.0;
				PRODUCT_BUNDLE_IDENTIFIER = com.kangho.GithubActionTestUITests;
				PRODUCT_NAME = "$(TARGET_NAME)";
				SWIFT_EMIT_LOC_STRINGS = NO;
				SWIFT_VERSION = 5.0;
				TARGETED_DEVICE_FAMILY = "1,2";
				TEST_TARGET_NAME = GithubActionTest;
			};
			name = Debug;
		};
		D5D3F90C2E97B7C2001B90B6 /* Release */ = {
			isa = XCBuildConfiguration;
			buildSettings = {
				CODE_SIGN_STYLE = Automatic;
				CURRENT_PROJECT_VERSION = 1;
				DEVELOPMENT_TEAM = SJDR485DTV;
				GENERATE_INFOPLIST_FILE = YES;
				MARKETING_VERSION = 1.0;
				PRODUCT_BUNDLE_IDENTIFIER = com.kangho.GithubActionTestUITests;
				PRODUCT_NAME = "$(TARGET_NAME)";
				SWIFT_EMIT_LOC_STRINGS = NO;
				SWIFT_VERSION = 5.0;
				TARGETED_DEVICE_FAMILY = "1,2";
				TEST_TARGET_NAME = GithubActionTest;
			};
			name = Release;
		};
/* End XCBuildConfiguration section */

/* Begin XCConfigurationList section */
		D5D3F8DB2E97B7BF001B90B6 /* Build configuration list for PBXProject "GithubActionTest" */ = {
			isa = XCConfigurationList;
			buildConfigurations = (
				D5D3F9022E97B7C2001B90B6 /* Debug */,
				D5D3F9032E97B7C2001B90B6 /* Release */,
			);
			defaultConfigurationIsVisible = 0;
			defaultConfigurationName = Release;
		};
		D5D3F9042E97B7C2001B90B6 /* Build configuration list for PBXNativeTarget "GithubActionTest" */ = {
			isa = XCConfigurationList;
			buildConfigurations = (
				D5D3F9052E97B7C2001B90B6 /* Debug */,
				D5D3F9062E97B7C2001B90B6 /* Release */,
			);
			defaultConfigurationIsVisible = 0;
			defaultConfigurationName = Release;
		};
		D5D3F9072E97B7C2001B90B6 /* Build configuration list for PBXNativeTarget "GithubActionTestTests" */ = {
			isa = XCConfigurationList;
			buildConfigurations = (
				D5D3F9082E97B7C2001B90B6 /* Debug */,
				D5D3F9092E97B7C2001B90B6 /* Release */,
			);
			defaultConfigurationIsVisible = 0;
			defaultConfigurationName = Release;
		};
		D5D3F90A2E97B7C2001B90B6 /* Build configuration list for PBXNativeTarget "GithubActionTestUITests" */ = {
			isa = XCConfigurationList;
			buildConfigurations = (
				D5D3F90B2E97B7C2001B90B6 /* Debug */,
				D5D3F90C2E97B7C2001B90B6 /* Release */,
			);
			defaultConfigurationIsVisible = 0;
			defaultConfigurationName = Release;
		};
/* End XCConfigurationList section */
	};
	rootObject = D5D3F8D82E97B7BF001B90B6 /* Project object */;
}
